
Microsoft Visual Studio Solution File, Format Version 12.00
# Visual Studio Version 16
VisualStudioVersion = 16.0.29519.87
MinimumVisualStudioVersion = 10.0.40219.1
Project("{FAE04EC0-301F-11D3-BF4B-00C04F79EFBC}") = "MVCControllerIntro", "MVCControllerIntro\MVCControllerIntro.csproj", "{AA88B582-3E87-4CB3-B324-B9B1C7B2EB29}"
EndProject
Global
	GlobalSection(SolutionConfigurationPlatforms) = preSolution
		Debug|Any CPU = Debug|Any CPU
		Release|Any CPU = Release|Any CPU
	EndGlobalSection
	GlobalSection(ProjectConfigurationPlatforms) = postSolution
		{AA88B582-3E87-4CB3-B324-B9B1C7B2EB29}.Debug|Any CPU.ActiveCfg = Debug|Any CPU
		{AA88B582-3E87-4CB3-B324-B9B1C7B2EB29}.Debug|Any CPU.Build.0 = Debug|Any CPU
		{AA88B582-3E87-4CB3-B324-B9B1C7B2EB29}.Release|Any CPU.ActiveCfg = Release|Any CPU
		{AA88B582-3E87-4CB3-B324-B9B1C7B2EB29}.Release|Any CPU.Build.0 = Release|Any CPU
	EndGlobalSection
	GlobalSection(SolutionProperties) = preSolution
		HideSolutionNode = FALSE
	EndGlobalSection
	GlobalSection(ExtensibilityGlobals) = postSolution
		SolutionGuid = {EF781AEC-145C-4759-A63E-1171003B96F0}
	EndGlobalSection
EndGlobal
