
Microsoft Visual Studio Solution File, Format Version 12.00
# Visual Studio Version 16
VisualStudioVersion = 16.0.29411.108
MinimumVisualStudioVersion = 10.0.40219.1
Project("{FAE04EC0-301F-11D3-BF4B-00C04F79EFBC}") = "WinAppSample", "WinAppSample\WinAppSample.csproj", "{7C450562-4B8E-42B1-80BF-11E63C2C7700}"
EndProject
Global
	GlobalSection(SolutionConfigurationPlatforms) = preSolution
		Debug|Any CPU = Debug|Any CPU
		Release|Any CPU = Release|Any CPU
	EndGlobalSection
	GlobalSection(ProjectConfigurationPlatforms) = postSolution
		{7C450562-4B8E-42B1-80BF-11E63C2C7700}.Debug|Any CPU.ActiveCfg = Debug|Any CPU
		{7C450562-4B8E-42B1-80BF-11E63C2C7700}.Debug|Any CPU.Build.0 = Debug|Any CPU
		{7C450562-4B8E-42B1-80BF-11E63C2C7700}.Release|Any CPU.ActiveCfg = Release|Any CPU
		{7C450562-4B8E-42B1-80BF-11E63C2C7700}.Release|Any CPU.Build.0 = Release|Any CPU
	EndGlobalSection
	GlobalSection(SolutionProperties) = preSolution
		HideSolutionNode = FALSE
	EndGlobalSection
	GlobalSection(ExtensibilityGlobals) = postSolution
		SolutionGuid = {720B2E8C-5D34-42C0-B6AE-9D5EC0C6E48B}
	EndGlobalSection
EndGlobal
