
Microsoft Visual Studio Solution File, Format Version 12.00
# Visual Studio Version 16
VisualStudioVersion = 16.0.29411.108
MinimumVisualStudioVersion = 10.0.40219.1
Project("{FAE04EC0-301F-11D3-BF4B-00C04F79EFBC}") = "ADONETConcepts", "ADONETConcepts\ADONETConcepts.csproj", "{5C85A83C-B60D-4BA4-8993-729E3F5B6BFA}"
EndProject
Global
	GlobalSection(SolutionConfigurationPlatforms) = preSolution
		Debug|Any CPU = Debug|Any CPU
		Release|Any CPU = Release|Any CPU
	EndGlobalSection
	GlobalSection(ProjectConfigurationPlatforms) = postSolution
		{5C85A83C-B60D-4BA4-8993-729E3F5B6BFA}.Debug|Any CPU.ActiveCfg = Debug|Any CPU
		{5C85A83C-B60D-4BA4-8993-729E3F5B6BFA}.Debug|Any CPU.Build.0 = Debug|Any CPU
		{5C85A83C-B60D-4BA4-8993-729E3F5B6BFA}.Release|Any CPU.ActiveCfg = Release|Any CPU
		{5C85A83C-B60D-4BA4-8993-729E3F5B6BFA}.Release|Any CPU.Build.0 = Release|Any CPU
	EndGlobalSection
	GlobalSection(SolutionProperties) = preSolution
		HideSolutionNode = FALSE
	EndGlobalSection
	GlobalSection(ExtensibilityGlobals) = postSolution
		SolutionGuid = {F11F4DB4-6C36-434C-82B8-5FA0B8251E0A}
	EndGlobalSection
EndGlobal
